
Microsoft Visual Studio Solution File, Format Version 12.00
# Visual Studio Version 17
VisualStudioVersion = 17.7.34024.191
MinimumVisualStudioVersion = 10.0.40219.1
Project("{8BC9CEB8-8B4A-11D0-8D11-00A0C91BC942}") = "filedistribute", "filedistribute\filedistribute.vcxproj", "{203D0C2C-95D7-410F-8B1E-92626A1C9BB8}"
EndProject
Global
	GlobalSection(SolutionConfigurationPlatforms) = preSolution
		Debug|x64 = Debug|x64
		Debug|x86 = Debug|x86
		Release|x64 = Release|x64
		Release|x86 = Release|x86
	EndGlobalSection
	GlobalSection(ProjectConfigurationPlatforms) = postSolution
		{203D0C2C-95D7-410F-8B1E-92626A1C9BB8}.Debug|x64.ActiveCfg = Debug|x64
		{203D0C2C-95D7-410F-8B1E-92626A1C9BB8}.Debug|x64.Build.0 = Debug|x64
		{203D0C2C-95D7-410F-8B1E-92626A1C9BB8}.Debug|x86.ActiveCfg = Debug|Win32
		{203D0C2C-95D7-410F-8B1E-92626A1C9BB8}.Debug|x86.Build.0 = Debug|Win32
		{203D0C2C-95D7-410F-8B1E-92626A1C9BB8}.Release|x64.ActiveCfg = Release|x64
		{203D0C2C-95D7-410F-8B1E-92626A1C9BB8}.Release|x64.Build.0 = Release|x64
		{203D0C2C-95D7-410F-8B1E-92626A1C9BB8}.Release|x86.ActiveCfg = Release|Win32
		{203D0C2C-95D7-410F-8B1E-92626A1C9BB8}.Release|x86.Build.0 = Release|Win32
	EndGlobalSection
	GlobalSection(SolutionProperties) = preSolution
		HideSolutionNode = FALSE
	EndGlobalSection
	GlobalSection(ExtensibilityGlobals) = postSolution
		SolutionGuid = {0FE461C3-B025-4A35-839D-EADFC02D3D93}
	EndGlobalSection
EndGlobal
